github.com/jquery/jquery-dist v0.0.0-20210302171154-e786e3d9707f h1:VrcFwwDo/nKErNIKmp//iOGu7DlRkBTeW//hN7tl7SU=
github.com/jquery/jquery-dist v0.0.0-20210302171154-e786e3d9707f/go.mod h1:/lTfttEqFU0GWTaOOMIeNTzLGQ7yTIgyzjtkS/pYIoc=
gitlab.com/f5/nginx/controller/poc/f5-hugo v0.12.1-0.20210915172724-df3b014edc7e h1:avqPA9izQN98jtkm5xVnnW/MGBsTRx3tcUgxLhPUtHM=
gitlab.com/f5/nginx/controller/poc/f5-hugo v0.12.1-0.20210915172724-df3b014edc7e/go.mod h1:G+e4mnMJBHCT04TKm3Bbnm5I5OGVoeLlmbaDFF3GPBc=
gitlab.com/f5/nginx/controller/poc/f5-hugo v0.12.4-0.20210920200041-c38578cf7945 h1:7O1KjKaRVEthmXNhoZ7D48qcV/N0EbL7n13JoRL5KzE=
gitlab.com/f5/nginx/controller/poc/f5-hugo v0.12.4-0.20210920200041-c38578cf7945/go.mod h1:G+e4mnMJBHCT04TKm3Bbnm5I5OGVoeLlmbaDFF3GPBc=
gitlab.com/f5/nginx/controller/poc/f5-hugo v0.12.6 h1:yDtJ1xqECha6lZ04fSG2wiSWCJMosjIVb/D0RoKLC6M=
gitlab.com/f5/nginx/controller/poc/f5-hugo v0.12.6/go.mod h1:G+e4mnMJBHCT04TKm3Bbnm5I5OGVoeLlmbaDFF3GPBc=
gitlab.com/f5/nginx/controller/poc/f5-hugo v0.14.1-0.20211019184158-5e5bd366bfcd h1:YXRkPqW1POhQHdPsjchsMVz8JmTtQvWRhAWG4v2T2E4=
gitlab.com/f5/nginx/controller/poc/f5-hugo v0.14.1-0.20211019184158-5e5bd366bfcd/go.mod h1:G+e4mnMJBHCT04TKm3Bbnm5I5OGVoeLlmbaDFF3GPBc=
gitlab.com/f5/nginx/controller/poc/f5-hugo v0.15.3 h1:cDf5OAzX/6Qg2gbSJGAkMHHWOA1RDDigTKVBIGzR2Gw=
gitlab.com/f5/nginx/controller/poc/f5-hugo v0.15.3/go.mod h1:G+e4mnMJBHCT04TKm3Bbnm5I5OGVoeLlmbaDFF3GPBc=
gitlab.com/f5/nginx/controller/poc/f5-hugo v0.15.6 h1:jN+79xD+xUD3nDvZWoubwoUxzgI/G/e7RIf+K3kOPRQ=
gitlab.com/f5/nginx/controller/poc/f5-hugo v0.15.6/go.mod h1:G+e4mnMJBHCT04TKm3Bbnm5I5OGVoeLlmbaDFF3GPBc=
gitlab.com/f5/nginx/controller/poc/f5-hugo v0.15.7 h1:O75I8D2xLjbQ5rYZAflXMcnEPFJ12YhLpyn5auO4EUI=
gitlab.com/f5/nginx/controller/poc/f5-hugo v0.15.7/go.mod h1:G+e4mnMJBHCT04TKm3Bbnm5I5OGVoeLlmbaDFF3GPBc=
